
Microsoft Visual Studio Solution File, Format Version 12.00
# Visual Studio Version 16
VisualStudioVersion = 25.0.1700.5
MinimumVisualStudioVersion = 10.0.40219.1
Project("{FAE04EC0-301F-11D3-BF4B-00C04F79EFBC}") = "FishMarket.UI", "FishMarket.UI.csproj", "{23A73742-79D4-48B7-A424-E6560FE12331}"
EndProject
Global
	GlobalSection(SolutionConfigurationPlatforms) = preSolution
		Debug|Any CPU = Debug|Any CPU
		Release|Any CPU = Release|Any CPU
	EndGlobalSection
	GlobalSection(ProjectConfigurationPlatforms) = postSolution
		{23A73742-79D4-48B7-A424-E6560FE12331}.Debug|Any CPU.ActiveCfg = Debug|Any CPU
		{23A73742-79D4-48B7-A424-E6560FE12331}.Debug|Any CPU.Build.0 = Debug|Any CPU
		{23A73742-79D4-48B7-A424-E6560FE12331}.Release|Any CPU.ActiveCfg = Release|Any CPU
		{23A73742-79D4-48B7-A424-E6560FE12331}.Release|Any CPU.Build.0 = Release|Any CPU
	EndGlobalSection
	GlobalSection(SolutionProperties) = preSolution
		HideSolutionNode = FALSE
	EndGlobalSection
	GlobalSection(ExtensibilityGlobals) = postSolution
		SolutionGuid = {6559860A-D1E9-49B2-83D1-40E6ED301F83}
	EndGlobalSection
EndGlobal
